{
    "_readme": [
        "This file locks the dependencies of your project to a known state",
        "Read more about it at http://getcomposer.org/doc/01-basic-usage.md#composer-lock-the-lock-file",
        "This file is @generated automatically"
    ],
    "hash": "301d03d017fc5aba9c037853d81a7b2a",
    "packages": [
        {
            "name": "corneltek/getoptionkit",
            "version": "2.2.0",
            "source": {
                "type": "git",
                "url": "https://github.com/c9s/GetOptionKit.git",
                "reference": "5c9d87e2a427b441d880a7a3cb400916fcc3fecf"
            },
            "dist": {
                "type": "zip",
                "url": "https://api.github.com/repos/c9s/GetOptionKit/zipball/5c9d87e2a427b441d880a7a3cb400916fcc3fecf",
                "reference": "5c9d87e2a427b441d880a7a3cb400916fcc3fecf",
                "shasum": ""
            },
            "require": {
                "php": ">=5.3.0"
            },
            "require-dev": {
                "corneltek/phpunit-testmore": "dev-master",
                "satooshi/php-coveralls": "dev-master"
            },
            "type": "library",
            "autoload": {
                "psr-4": {
                    "GetOptionKit\\": "src/GetOptionKit/"
                }
            },
            "notification-url": "https://packagist.org/downloads/",
            "license": [
                "MIT"
            ],
            "authors": [
                {
                    "name": "Yo-An Lin",
                    "email": "cornelius.howl@gmail.com",
                    "homepage": "http://c9s.me"
                }
            ],
            "description": "Powerful command-line option toolkit",
            "homepage": "http://github.com/c9s/GetOptionKit",
            "time": "2015-06-04 05:55:50"
        },
        {
            "name": "dnaber/requisite",
            "version": "0.9",
            "source": {
                "type": "git",
                "url": "https://github.com/dnaber-de/Requisite.git",
                "reference": "48915d71eb40c036481054da14584b8733aa031c"
            },
            "dist": {
                "type": "zip",
                "url": "https://api.github.com/repos/dnaber-de/Requisite/zipball/48915d71eb40c036481054da14584b8733aa031c",
                "reference": "48915d71eb40c036481054da14584b8733aa031c",
                "shasum": ""
            },
            "require": {
                "php": ">=5.3.0"
            },
            "type": "library",
            "autoload": {
                "psr-4": {
                    "Requisite\\": "src/Requisite"
                }
            },
            "notification-url": "https://packagist.org/downloads/",
            "license": [
                "MIT"
            ],
            "authors": [
                {
                    "name": "David Naber",
                    "email": "kontakt@dnaber.de",
                    "homepage": "http://dnaber.de",
                    "role": "Developer"
                }
            ],
            "description": "A modular and extendable SPL Autoloader.",
            "homepage": "https://github.com/dnaber-de/Requisite",
            "keywords": [
                "autoload",
                "spl"
            ],
            "time": "2015-04-21 18:37:22"
        },
        {
            "name": "kzykhys/git",
            "version": "v0.1.2",
            "source": {
                "type": "git",
                "url": "https://github.com/kzykhys/PHPGit.git",
                "reference": "3c4db987494c38eac300593719a4a7832abddadd"
            },
            "dist": {
                "type": "zip",
                "url": "https://api.github.com/repos/kzykhys/PHPGit/zipball/3c4db987494c38eac300593719a4a7832abddadd",
                "reference": "3c4db987494c38eac300593719a4a7832abddadd",
                "shasum": ""
            },
            "require": {
                "php": ">=5.3.2",
                "symfony/options-resolver": ">=2.3",
                "symfony/process": ">=2.3"
            },
            "require-dev": {
                "symfony/filesystem": ">=2.3"
            },
            "type": "library",
            "extra": {
                "branch-alias": {
                    "dev-master": "1.0.x-dev"
                }
            },
            "autoload": {
                "psr-0": {
                    "": "src"
                }
            },
            "notification-url": "https://packagist.org/downloads/",
            "license": [
                "MIT"
            ],
            "authors": [
                {
                    "name": "Kazuyuki Hayashi",
                    "email": "hayashi@valnur.net"
                }
            ],
            "description": "A Git wrapper for PHP5.3+",
            "time": "2014-02-15 06:18:00"
        },
        {
            "name": "league/event",
            "version": "2.1.1",
            "source": {
                "type": "git",
                "url": "https://github.com/thephpleague/event.git",
                "reference": "cecc6213023a8b18efb163853569082051e5f1ea"
            },
            "dist": {
                "type": "zip",
                "url": "https://api.github.com/repos/thephpleague/event/zipball/cecc6213023a8b18efb163853569082051e5f1ea",
                "reference": "cecc6213023a8b18efb163853569082051e5f1ea",
                "shasum": ""
            },
            "require": {
                "php": ">=5.4.0"
            },
            "require-dev": {
                "henrikbjorn/phpspec-code-coverage": "~1.0.1",
                "phpspec/phpspec": "~2.0.0"
            },
            "type": "library",
            "extra": {
                "branch-alias": {
                    "dev-master": "2.2-dev"
                }
            },
            "autoload": {
                "psr-4": {
                    "League\\Event\\": "src/"
                }
            },
            "notification-url": "https://packagist.org/downloads/",
            "license": [
                "MIT"
            ],
            "authors": [
                {
                    "name": "Frank de Jonge",
                    "email": "info@frenky.net"
                }
            ],
            "description": "Event package",
            "keywords": [
                "emitter",
                "event",
                "listener"
            ],
            "time": "2015-03-30 07:53:52"
        },
        {
            "name": "symfony/options-resolver",
            "version": "v2.7.0",
            "source": {
                "type": "git",
                "url": "https://github.com/symfony/OptionsResolver.git",
                "reference": "151155b1f1e817c4c763582260777f68ac55bdda"
            },
            "dist": {
                "type": "zip",
                "url": "https://api.github.com/repos/symfony/OptionsResolver/zipball/151155b1f1e817c4c763582260777f68ac55bdda",
                "reference": "151155b1f1e817c4c763582260777f68ac55bdda",
                "shasum": ""
            },
            "require": {
                "php": ">=5.3.9"
            },
            "require-dev": {
                "symfony/phpunit-bridge": "~2.7"
            },
            "type": "library",
            "extra": {
                "branch-alias": {
                    "dev-master": "2.7-dev"
                }
            },
            "autoload": {
                "psr-4": {
                    "Symfony\\Component\\OptionsResolver\\": ""
                }
            },
            "notification-url": "https://packagist.org/downloads/",
            "license": [
                "MIT"
            ],
            "authors": [
                {
                    "name": "Fabien Potencier",
                    "email": "fabien@symfony.com"
                },
                {
                    "name": "Symfony Community",
                    "homepage": "https://symfony.com/contributors"
                }
            ],
            "description": "Symfony OptionsResolver Component",
            "homepage": "https://symfony.com",
            "keywords": [
                "config",
                "configuration",
                "options"
            ],
            "time": "2015-05-13 11:34:46"
        },
        {
            "name": "symfony/process",
            "version": "v2.7.0",
            "source": {
                "type": "git",
                "url": "https://github.com/symfony/Process.git",
                "reference": "e0a82b58e36afc60f8e79b8bc85a22bb064077c1"
            },
            "dist": {
                "type": "zip",
                "url": "https://api.github.com/repos/symfony/Process/zipball/e0a82b58e36afc60f8e79b8bc85a22bb064077c1",
                "reference": "e0a82b58e36afc60f8e79b8bc85a22bb064077c1",
                "shasum": ""
            },
            "require": {
                "php": ">=5.3.9"
            },
            "require-dev": {
                "symfony/phpunit-bridge": "~2.7"
            },
            "type": "library",
            "extra": {
                "branch-alias": {
                    "dev-master": "2.7-dev"
                }
            },
            "autoload": {
                "psr-4": {
                    "Symfony\\Component\\Process\\": ""
                }
            },
            "notification-url": "https://packagist.org/downloads/",
            "license": [
                "MIT"
            ],
            "authors": [
                {
                    "name": "Fabien Potencier",
                    "email": "fabien@symfony.com"
                },
                {
                    "name": "Symfony Community",
                    "homepage": "https://symfony.com/contributors"
                }
            ],
            "description": "Symfony Process Component",
            "homepage": "https://symfony.com",
            "time": "2015-05-15 13:33:16"
        },
        {
            "name": "tombzombie/dice",
            "version": "dev-PHP5.4---PHP5.5",
            "source": {
                "type": "git",
                "url": "https://github.com/TomBZombie/Dice.git",
                "reference": "f325dda938b403c341c1f00f20912518c4f45d82"
            },
            "dist": {
                "type": "zip",
                "url": "https://api.github.com/repos/TomBZombie/Dice/zipball/f325dda938b403c341c1f00f20912518c4f45d82",
                "reference": "f325dda938b403c341c1f00f20912518c4f45d82",
                "shasum": ""
            },
            "require": {
                "php": ">=5.4.0"
            },
            "type": "library",
            "autoload": {
                "classmap": [
                    "loader/",
                    "dice.php"
                ]
            },
            "notification-url": "https://packagist.org/downloads/",
            "license": [
                "BSD-2-Clause"
            ],
            "authors": [
                {
                    "name": "Tom Butler",
                    "email": "tom@r.je"
                }
            ],
            "description": "A minimalist Dependency injection container (DIC) for PHP. Please note: This branch is only compatible with PHP5.4+. A 5.3 compatible version is available as a separate branch on github. ",
            "homepage": "http://r.je/dice.html",
            "keywords": [
                "dependency injection",
                "dependency injection container",
                "di",
                "ioc"
            ],
            "time": "2015-03-27 13:48:38"
        }
    ],
    "packages-dev": [],
    "aliases": [],
    "minimum-stability": "stable",
    "stability-flags": {
        "tombzombie/dice": 20
    },
    "prefer-stable": false,
    "platform": [],
    "platform-dev": []
}
